
Microsoft Visual Studio Solution File, Format Version 12.00
# Visual Studio Version 17
VisualStudioVersion = 17.2.32526.322
MinimumVisualStudioVersion = 10.0.40219.1
Project("{9A19103F-16F7-4668-BE54-9A1E7A4F7556}") = "seminar_2", "seminar_2.csproj", "{8BFF0C90-0FC3-41D2-B8CA-6AD59992FCEB}"
EndProject
Global
	GlobalSection(SolutionConfigurationPlatforms) = preSolution
		Debug|Any CPU = Debug|Any CPU
		Release|Any CPU = Release|Any CPU
	EndGlobalSection
	GlobalSection(ProjectConfigurationPlatforms) = postSolution
		{8BFF0C90-0FC3-41D2-B8CA-6AD59992FCEB}.Debug|Any CPU.ActiveCfg = Debug|Any CPU
		{8BFF0C90-0FC3-41D2-B8CA-6AD59992FCEB}.Debug|Any CPU.Build.0 = Debug|Any CPU
		{8BFF0C90-0FC3-41D2-B8CA-6AD59992FCEB}.Release|Any CPU.ActiveCfg = Release|Any CPU
		{8BFF0C90-0FC3-41D2-B8CA-6AD59992FCEB}.Release|Any CPU.Build.0 = Release|Any CPU
	EndGlobalSection
	GlobalSection(SolutionProperties) = preSolution
		HideSolutionNode = FALSE
	EndGlobalSection
	GlobalSection(ExtensibilityGlobals) = postSolution
		SolutionGuid = {62ADB70F-FAA1-4B49-B05B-07BC69BD4CB0}
	EndGlobalSection
EndGlobal
